
Microsoft Visual Studio Solution File, Format Version 12.00
# Visual Studio Version 16
VisualStudioVersion = 16.0.31911.196
MinimumVisualStudioVersion = 10.0.40219.1
Project("{FAE04EC0-301F-11D3-BF4B-00C04F79EFBC}") = "ReportGen", "ReportGen\ReportGen.csproj", "{C519E6AA-3AD5-4961-B0D7-2A7BE1A8D239}"
EndProject
Global
	GlobalSection(SolutionConfigurationPlatforms) = preSolution
		Debug|Any CPU = Debug|Any CPU
		Release|Any CPU = Release|Any CPU
	EndGlobalSection
	GlobalSection(ProjectConfigurationPlatforms) = postSolution
		{C519E6AA-3AD5-4961-B0D7-2A7BE1A8D239}.Debug|Any CPU.ActiveCfg = Debug|Any CPU
		{C519E6AA-3AD5-4961-B0D7-2A7BE1A8D239}.Debug|Any CPU.Build.0 = Debug|Any CPU
		{C519E6AA-3AD5-4961-B0D7-2A7BE1A8D239}.Release|Any CPU.ActiveCfg = Release|Any CPU
		{C519E6AA-3AD5-4961-B0D7-2A7BE1A8D239}.Release|Any CPU.Build.0 = Release|Any CPU
	EndGlobalSection
	GlobalSection(SolutionProperties) = preSolution
		HideSolutionNode = FALSE
	EndGlobalSection
	GlobalSection(ExtensibilityGlobals) = postSolution
		SolutionGuid = {4D2B6115-E6E3-43DB-89D1-373BE5BD03BD}
	EndGlobalSection
EndGlobal
